
Microsoft Visual Studio Solution File, Format Version 11.00
# Visual Studio 2010
Project("{FAE04EC0-301F-11D3-BF4B-00C04F79EFBC}") = "Assembly-CSharp", "Assembly-CSharp.csproj", "{a75c3348-ee89-62b9-21d4-19a3e7efb0a3}"
EndProject
Project("{FAE04EC0-301F-11D3-BF4B-00C04F79EFBC}") = "Assembly-CSharp-Editor", "Assembly-CSharp-Editor.csproj", "{299ccd6b-f49f-8944-fa67-47d6771fc683}"
EndProject
Global
	GlobalSection(SolutionConfigurationPlatforms) = preSolution
		Debug|Any CPU = Debug|Any CPU
	EndGlobalSection
	GlobalSection(ProjectConfigurationPlatforms) = postSolution
		{a75c3348-ee89-62b9-21d4-19a3e7efb0a3}.Debug|Any CPU.ActiveCfg = Debug|Any CPU
		{a75c3348-ee89-62b9-21d4-19a3e7efb0a3}.Debug|Any CPU.Build.0 = Debug|Any CPU
		{299ccd6b-f49f-8944-fa67-47d6771fc683}.Debug|Any CPU.ActiveCfg = Debug|Any CPU
		{299ccd6b-f49f-8944-fa67-47d6771fc683}.Debug|Any CPU.Build.0 = Debug|Any CPU
	EndGlobalSection
	GlobalSection(SolutionProperties) = preSolution
		HideSolutionNode = FALSE
	EndGlobalSection
EndGlobal
